version: 6
environments:
  default:
    channels:
    - url: https://conda.anaconda.org/conda-forge/
    packages:
      osx-64:
      - conda: https://conda.anaconda.org/conda-forge/osx-64/biopython-1.85-py311h13e5629_2.conda
      - conda: https://conda.anaconda.org/conda-forge/osx-64/bzip2-1.0.8-hfdf4475_7.conda
      - conda: https://conda.anaconda.org/conda-forge/noarch/ca-certificates-2025.8.3-hbd8a1cb_0.conda
      - conda: https://conda.anaconda.org/conda-forge/osx-64/dssp-4.5.6-py311h1d15585_2.conda
      - conda: https://conda.anaconda.org/conda-forge/osx-64/icu-75.1-h120a0e1_0.conda
      - conda: https://conda.anaconda.org/conda-forge/osx-64/libblas-3.9.0-34_h7f60823_openblas.conda
      - conda: https://conda.anaconda.org/conda-forge/osx-64/libboost-1.86.0-hb2bbd1d_4.conda
      - conda: https://conda.anaconda.org/conda-forge/osx-64/libboost-python-1.86.0-py311hc032896_4.conda
      - conda: https://conda.anaconda.org/conda-forge/osx-64/libcblas-3.9.0-34_hff6cab4_openblas.conda
      - conda: https://conda.anaconda.org/conda-forge/osx-64/libcxx-21.1.0-h3d58e20_1.conda
      - conda: https://conda.anaconda.org/conda-forge/osx-64/libexpat-2.7.1-h21dd04a_0.conda
      - conda: https://conda.anaconda.org/conda-forge/osx-64/libffi-3.4.6-h281671d_1.conda
      - conda: https://conda.anaconda.org/conda-forge/osx-64/libgfortran-15.1.0-h5f6db21_1.conda
      - conda: https://conda.anaconda.org/conda-forge/osx-64/libgfortran5-15.1.0-hfa3c126_1.conda
      - conda: https://conda.anaconda.org/conda-forge/osx-64/liblapack-3.9.0-34_h236ab99_openblas.conda
      - conda: https://conda.anaconda.org/conda-forge/osx-64/liblzma-5.8.1-hd471939_2.conda
      - conda: https://conda.anaconda.org/conda-forge/osx-64/libopenblas-0.3.30-openmp_h83c2472_2.conda
      - conda: https://conda.anaconda.org/conda-forge/osx-64/libsqlite-3.50.4-h39a8b3b_0.conda
      - conda: https://conda.anaconda.org/conda-forge/osx-64/libzlib-1.3.1-hd23fc13_2.conda
      - conda: https://conda.anaconda.org/conda-forge/osx-64/llvm-openmp-21.1.0-hf4e0ed4_0.conda
      - conda: https://conda.anaconda.org/conda-forge/osx-64/ncurses-6.5-h0622a9a_3.conda
      - conda: https://conda.anaconda.org/conda-forge/osx-64/numpy-2.3.2-py311h09fcace_2.conda
      - conda: https://conda.anaconda.org/conda-forge/osx-64/openssl-3.5.2-h6e31bce_0.conda
      - conda: https://conda.anaconda.org/conda-forge/osx-64/pcre2-10.46-ha3e7e28_0.conda
      - conda: https://conda.anaconda.org/conda-forge/osx-64/python-3.11.13-h9ccd52b_0_cpython.conda
      - conda: https://conda.anaconda.org/conda-forge/noarch/python_abi-3.11-8_cp311.conda
      - conda: https://conda.anaconda.org/conda-forge/osx-64/readline-8.2-h7cca4af_2.conda
      - conda: https://conda.anaconda.org/conda-forge/osx-64/tk-8.6.13-hf689a15_2.conda
      - conda: https://conda.anaconda.org/conda-forge/noarch/tzdata-2025b-h78e105d_0.conda
      - conda: https://conda.anaconda.org/conda-forge/osx-64/zstd-1.5.7-h8210216_2.conda
packages:
- conda: https://conda.anaconda.org/conda-forge/osx-64/biopython-1.85-py311h13e5629_2.conda
  sha256: 8faa03ce929b0574b4580e2cb2381458f15cf42254753c2d8b8ed19d26313461
  md5: 6925790197cad68df6a5a8968d62428a
  depends:
  - __osx >=10.13
  - numpy
  - python >=3.11,<3.12.0a0
  - python_abi 3.11.* *_cp311
  license: LicenseRef-Biopython
  size: 3517268
  timestamp: 1756542083878
- conda: https://conda.anaconda.org/conda-forge/osx-64/bzip2-1.0.8-hfdf4475_7.conda
  sha256: cad153608b81fb24fc8c509357daa9ae4e49dfc535b2cb49b91e23dbd68fc3c5
  md5: 7ed4301d437b59045be7e051a0308211
  depends:
  - __osx >=10.13
  license: bzip2-1.0.6
  license_family: BSD
  size: 134188
  timestamp: 1720974491916
- conda: https://conda.anaconda.org/conda-forge/noarch/ca-certificates-2025.8.3-hbd8a1cb_0.conda
  sha256: 837b795a2bb39b75694ba910c13c15fa4998d4bb2a622c214a6a5174b2ae53d1
  md5: 74784ee3d225fc3dca89edb635b4e5cc
  depends:
  - __unix
  license: ISC
  size: 154402
  timestamp: 1754210968730
- conda: https://conda.anaconda.org/conda-forge/osx-64/dssp-4.5.6-py311h1d15585_2.conda
  sha256: f862ce4e6bd419573f8209b72fdc6df3e69ac3656bb4f56fcaa01a534e9a40b7
  md5: 1a6530a62e5d73ee2cd9b3a34b9a75f9
  depends:
  - python 3.11.* *_cpython
  - __osx >=10.15
  - libcxx >=19
  - python_abi 3.11.* *_cp311
  - pcre2 >=10.46,<10.47.0a0
  - icu >=75.1,<76.0a0
  - libboost >=1.86.0,<1.87.0a0
  - bzip2 >=1.0.8,<2.0a0
  - libzlib >=1.3.1,<2.0a0
  - libboost-python >=1.86.0,<1.87.0a0
  license: BSD-2-Clause
  license_family: BSD
  size: 112855598
  timestamp: 1757177476300
- conda: https://conda.anaconda.org/conda-forge/osx-64/icu-75.1-h120a0e1_0.conda
  sha256: 2e64307532f482a0929412976c8450c719d558ba20c0962832132fd0d07ba7a7
  md5: d68d48a3060eb5abdc1cdc8e2a3a5966
  depends:
  - __osx >=10.13
  license: MIT
  license_family: MIT
  size: 11761697
  timestamp: 1720853679409
- conda: https://conda.anaconda.org/conda-forge/osx-64/libblas-3.9.0-34_h7f60823_openblas.conda
  build_number: 34
  sha256: ea5d0341df78f7f2d6fe3a03a9b7327958d9e21b4f2d13ef0eddadc335999232
  md5: 3f29ba70f912e56d4be6b55bc213a082
  depends:
  - libopenblas >=0.3.30,<0.3.31.0a0
  - libopenblas >=0.3.30,<1.0a0
  constrains:
  - liblapacke 3.9.0   34*_openblas
  - mkl <2025
  - libcblas   3.9.0   34*_openblas
  - liblapack  3.9.0   34*_openblas
  - blas 2.134   openblas
  license: BSD-3-Clause
  license_family: BSD
  size: 19537
  timestamp: 1754678644797
- conda: https://conda.anaconda.org/conda-forge/osx-64/libboost-1.86.0-hb2bbd1d_4.conda
  sha256: 6d80e4e92fcf8a6bbd8424b43e6ec5b66d8b334e2bdbf2a8ef3f89bfc24c1bb3
  md5: 84262b75468880fe2fa6858ea0ce8e0e
  depends:
  - __osx >=10.13
  - bzip2 >=1.0.8,<2.0a0
  - icu >=75.1,<76.0a0
  - libcxx >=19
  - liblzma >=5.8.1,<6.0a0
  - libzlib >=1.3.1,<2.0a0
  - zstd >=1.5.7,<1.6.0a0
  constrains:
  - boost-cpp <0.0a0
  license: BSL-1.0
  size: 2122047
  timestamp: 1756549807422
- conda: https://conda.anaconda.org/conda-forge/osx-64/libboost-python-1.86.0-py311hc032896_4.conda
  sha256: 590aedaab9d1feba5e8cc1cfed79f3cad3e996eb1e16cf78038ebb5a1c25b38f
  md5: 7a87d492ec953c218f1d94280bc68590
  depends:
  - __osx >=10.13
  - libcxx >=19
  - numpy >=1.23,<3
  - python >=3.11,<3.12.0a0
  - python_abi 3.11.* *_cp311
  constrains:
  - boost <0.0a0
  - py-boost <0.0a0
  license: BSL-1.0
  size: 104386
  timestamp: 1756550414486
- conda: https://conda.anaconda.org/conda-forge/osx-64/libcblas-3.9.0-34_hff6cab4_openblas.conda
  build_number: 34
  sha256: 393e24b890009d4d4ace5531d39adfd9be3b97040653f6febbb74311dad84146
  md5: 0f6bf5f39b2301a165389e3624f0c297
  depends:
  - libblas 3.9.0 34_h7f60823_openblas
  constrains:
  - liblapacke 3.9.0   34*_openblas
  - liblapack  3.9.0   34*_openblas
  - blas 2.134   openblas
  license: BSD-3-Clause
  license_family: BSD
  size: 19518
  timestamp: 1754678655239
- conda: https://conda.anaconda.org/conda-forge/osx-64/libcxx-21.1.0-h3d58e20_1.conda
  sha256: ff2c82c14232cc0ff8038b3d43dace4a792c05a9b01465448445ac52539dee40
  md5: d5bb255dcf8d208f30089a5969a0314b
  depends:
  - __osx >=10.13
  license: Apache-2.0 WITH LLVM-exception
  license_family: Apache
  size: 572463
  timestamp: 1756698407882
- conda: https://conda.anaconda.org/conda-forge/osx-64/libexpat-2.7.1-h21dd04a_0.conda
  sha256: 689862313571b62ee77ee01729dc093f2bf25a2f99415fcfe51d3a6cd31cce7b
  md5: 9fdeae0b7edda62e989557d645769515
  depends:
  - __osx >=10.13
  constrains:
  - expat 2.7.1.*
  license: MIT
  license_family: MIT
  size: 72450
  timestamp: 1752719744781
- conda: https://conda.anaconda.org/conda-forge/osx-64/libffi-3.4.6-h281671d_1.conda
  sha256: 6394b1bc67c64a21a5cc73d1736d1d4193a64515152e861785c44d2cfc49edf3
  md5: 4ca9ea59839a9ca8df84170fab4ceb41
  depends:
  - __osx >=10.13
  license: MIT
  license_family: MIT
  size: 51216
  timestamp: 1743434595269
- conda: https://conda.anaconda.org/conda-forge/osx-64/libgfortran-15.1.0-h5f6db21_1.conda
  sha256: 844500c9372d455f6ae538ffd3cdd7fda5f53d25a2a6b3ba33060a302c37bc3e
  md5: 07cfad6b37da6e79349c6e3a0316a83b
  depends:
  - libgfortran5 15.1.0 hfa3c126_1
  license: GPL-3.0-only WITH GCC-exception-3.1
  license_family: GPL
  size: 133973
  timestamp: 1756239628906
- conda: https://conda.anaconda.org/conda-forge/osx-64/libgfortran5-15.1.0-hfa3c126_1.conda
  sha256: c4bb79d9e9be3e3a335282b50d18a7965e2a972b95508ea47e4086f1fd699342
  md5: 696e408f36a5a25afdb23e862053ca82
  depends:
  - llvm-openmp >=8.0.0
  constrains:
  - libgfortran 15.1.0
  license: GPL-3.0-only WITH GCC-exception-3.1
  license_family: GPL
  size: 1225193
  timestamp: 1756238834726
- conda: https://conda.anaconda.org/conda-forge/osx-64/liblapack-3.9.0-34_h236ab99_openblas.conda
  build_number: 34
  sha256: 6ecbd5c2b39e40766935c8311238cfbfcf7ca43b5eafc9bb5f883d59c705981e
  md5: 8ddbc2de70c2fedfb4cfbcb8d5562ac8
  depends:
  - libblas 3.9.0 34_h7f60823_openblas
  constrains:
  - liblapacke 3.9.0   34*_openblas
  - blas 2.134   openblas
  - libcblas   3.9.0   34*_openblas
  license: BSD-3-Clause
  license_family: BSD
  size: 19548
  timestamp: 1754678665504
- conda: https://conda.anaconda.org/conda-forge/osx-64/liblzma-5.8.1-hd471939_2.conda
  sha256: 7e22fd1bdb8bf4c2be93de2d4e718db5c548aa082af47a7430eb23192de6bb36
  md5: 8468beea04b9065b9807fc8b9cdc5894
  depends:
  - __osx >=10.13
  constrains:
  - xz 5.8.1.*
  license: 0BSD
  size: 104826
  timestamp: 1749230155443
- conda: https://conda.anaconda.org/conda-forge/osx-64/libopenblas-0.3.30-openmp_h83c2472_2.conda
  sha256: 341dd45c2e88261f1f9ff76c3410355b4b0e894abe6ac89f7cbf64a3d10f0f01
  md5: 89edf77977f520c4245567460d065821
  depends:
  - __osx >=10.13
  - libgfortran
  - libgfortran5 >=14.3.0
  - llvm-openmp >=19.1.7
  constrains:
  - openblas >=0.3.30,<0.3.31.0a0
  license: BSD-3-Clause
  license_family: BSD
  size: 6262457
  timestamp: 1755473612572
- conda: https://conda.anaconda.org/conda-forge/osx-64/libsqlite-3.50.4-h39a8b3b_0.conda
  sha256: 466366b094c3eb4b1d77320530cbf5400e7a10ab33e4824c200147488eebf7a6
  md5: 156bfb239b6a67ab4a01110e6718cbc4
  depends:
  - __osx >=10.13
  - libzlib >=1.3.1,<2.0a0
  license: blessing
  size: 980121
  timestamp: 1753948554003
- conda: https://conda.anaconda.org/conda-forge/osx-64/libzlib-1.3.1-hd23fc13_2.conda
  sha256: 8412f96504fc5993a63edf1e211d042a1fd5b1d51dedec755d2058948fcced09
  md5: 003a54a4e32b02f7355b50a837e699da
  depends:
  - __osx >=10.13
  constrains:
  - zlib 1.3.1 *_2
  license: Zlib
  license_family: Other
  size: 57133
  timestamp: 1727963183990
- conda: https://conda.anaconda.org/conda-forge/osx-64/llvm-openmp-21.1.0-hf4e0ed4_0.conda
  sha256: 78336131a08990390003ef05d14ecb49f3a47e4dac60b1bcebeccd87fa402925
  md5: 5acc6c266fd33166fa3b33e48665ae0d
  depends:
  - __osx >=10.13
  constrains:
  - openmp 21.1.0|21.1.0.*
  - intel-openmp <0.0a0
  license: Apache-2.0 WITH LLVM-exception
  license_family: APACHE
  size: 311174
  timestamp: 1756673275570
- conda: https://conda.anaconda.org/conda-forge/osx-64/ncurses-6.5-h0622a9a_3.conda
  sha256: ea4a5d27ded18443749aefa49dc79f6356da8506d508b5296f60b8d51e0c4bd9
  md5: ced34dd9929f491ca6dab6a2927aff25
  depends:
  - __osx >=10.13
  license: X11 AND BSD-3-Clause
  size: 822259
  timestamp: 1738196181298
- conda: https://conda.anaconda.org/conda-forge/osx-64/numpy-2.3.2-py311h09fcace_2.conda
  sha256: 7db239350fcce5f16bcb2891578be74a17cea9aa61506b427d3d0fc528b0a18f
  md5: 3fd67cc81b4297d403e3bfde14ab409e
  depends:
  - python
  - __osx >=10.13
  - libcxx >=19
  - liblapack >=3.9.0,<4.0a0
  - libblas >=3.9.0,<4.0a0
  - python_abi 3.11.* *_cp311
  - libcblas >=3.9.0,<4.0a0
  constrains:
  - numpy-base <0a0
  license: BSD-3-Clause
  license_family: BSD
  size: 8551576
  timestamp: 1756343060935
- conda: https://conda.anaconda.org/conda-forge/osx-64/openssl-3.5.2-h6e31bce_0.conda
  sha256: 8be57a11019666aa481122c54e29afd604405b481330f37f918e9fbcd145ef89
  md5: 22f5d63e672b7ba467969e9f8b740ecd
  depends:
  - __osx >=10.13
  - ca-certificates
  license: Apache-2.0
  license_family: Apache
  size: 2743708
  timestamp: 1754466962243
- conda: https://conda.anaconda.org/conda-forge/osx-64/pcre2-10.46-ha3e7e28_0.conda
  sha256: cb262b7f369431d1086445ddd1f21d40003bb03229dfc1d687e3a808de2663a6
  md5: 3b504da3a4f6d8b2b1f969686a0bf0c0
  depends:
  - __osx >=10.13
  - bzip2 >=1.0.8,<2.0a0
  - libzlib >=1.3.1,<2.0a0
  license: BSD-3-Clause
  license_family: BSD
  size: 1097626
  timestamp: 1756743061564
- conda: https://conda.anaconda.org/conda-forge/osx-64/python-3.11.13-h9ccd52b_0_cpython.conda
  sha256: d8e15db837c10242658979bc475298059bd6615524f2f71365ab8e54fbfea43c
  md5: 6e28c31688c6f1fdea3dc3d48d33e1c0
  depends:
  - __osx >=10.13
  - bzip2 >=1.0.8,<2.0a0
  - libexpat >=2.7.0,<3.0a0
  - libffi >=3.4.6,<3.5.0a0
  - liblzma >=5.8.1,<6.0a0
  - libsqlite >=3.50.0,<4.0a0
  - libzlib >=1.3.1,<2.0a0
  - ncurses >=6.5,<7.0a0
  - openssl >=3.5.0,<4.0a0
  - readline >=8.2,<9.0a0
  - tk >=8.6.13,<8.7.0a0
  - tzdata
  constrains:
  - python_abi 3.11.* *_cp311
  license: Python-2.0
  size: 15423460
  timestamp: 1749049420299
- conda: https://conda.anaconda.org/conda-forge/noarch/python_abi-3.11-8_cp311.conda
  build_number: 8
  sha256: fddf123692aa4b1fc48f0471e346400d9852d96eeed77dbfdd746fa50a8ff894
  md5: 8fcb6b0e2161850556231336dae58358
  constrains:
  - python 3.11.* *_cpython
  license: BSD-3-Clause
  license_family: BSD
  size: 7003
  timestamp: 1752805919375
- conda: https://conda.anaconda.org/conda-forge/osx-64/readline-8.2-h7cca4af_2.conda
  sha256: 53017e80453c4c1d97aaf78369040418dea14cf8f46a2fa999f31bd70b36c877
  md5: 342570f8e02f2f022147a7f841475784
  depends:
  - ncurses >=6.5,<7.0a0
  license: GPL-3.0-only
  license_family: GPL
  size: 256712
  timestamp: 1740379577668
- conda: https://conda.anaconda.org/conda-forge/osx-64/tk-8.6.13-hf689a15_2.conda
  sha256: b24468006a96b71a5f4372205ea7ec4b399b0f2a543541e86f883de54cd623fc
  md5: 9864891a6946c2fe037c02fca7392ab4
  depends:
  - __osx >=10.13
  - libzlib >=1.3.1,<2.0a0
  license: TCL
  license_family: BSD
  size: 3259809
  timestamp: 1748387843735
- conda: https://conda.anaconda.org/conda-forge/noarch/tzdata-2025b-h78e105d_0.conda
  sha256: 5aaa366385d716557e365f0a4e9c3fca43ba196872abbbe3d56bb610d131e192
  md5: 4222072737ccff51314b5ece9c7d6f5a
  license: LicenseRef-Public-Domain
  size: 122968
  timestamp: 1742727099393
- conda: https://conda.anaconda.org/conda-forge/osx-64/zstd-1.5.7-h8210216_2.conda
  sha256: c171c43d0c47eed45085112cb00c8c7d4f0caa5a32d47f2daca727e45fb98dca
  md5: cd60a4a5a8d6a476b30d8aa4bb49251a
  depends:
  - __osx >=10.13
  - libzlib >=1.3.1,<2.0a0
  license: BSD-3-Clause
  license_family: BSD
  size: 485754
  timestamp: 1742433356230
